
Microsoft Visual Studio Solution File, Format Version 12.00
# Visual Studio 15
VisualStudioVersion = 15.0.28307.852
MinimumVisualStudioVersion = 10.0.40219.1
Project("{FAE04EC0-301F-11D3-BF4B-00C04F79EFBC}") = "CustomKeyboardWinForm", "CustomKeyboardWinForm\CustomKeyboardWinForm.csproj", "{5760D644-329E-4683-BCC3-0F74B3B2E81A}"
EndProject
Global
	GlobalSection(SolutionConfigurationPlatforms) = preSolution
		Debug|Any CPU = Debug|Any CPU
		Release|Any CPU = Release|Any CPU
	EndGlobalSection
	GlobalSection(ProjectConfigurationPlatforms) = postSolution
		{5760D644-329E-4683-BCC3-0F74B3B2E81A}.Debug|Any CPU.ActiveCfg = Debug|Any CPU
		{5760D644-329E-4683-BCC3-0F74B3B2E81A}.Debug|Any CPU.Build.0 = Debug|Any CPU
		{5760D644-329E-4683-BCC3-0F74B3B2E81A}.Release|Any CPU.ActiveCfg = Release|Any CPU
		{5760D644-329E-4683-BCC3-0F74B3B2E81A}.Release|Any CPU.Build.0 = Release|Any CPU
	EndGlobalSection
	GlobalSection(SolutionProperties) = preSolution
		HideSolutionNode = FALSE
	EndGlobalSection
	GlobalSection(ExtensibilityGlobals) = postSolution
		SolutionGuid = {55721BE9-7813-4F47-8A39-40876960D24C}
	EndGlobalSection
EndGlobal
